
Microsoft Visual Studio Solution File, Format Version 12.00
# Visual Studio 14
VisualStudioVersion = 14.0.24720.0
MinimumVisualStudioVersion = 10.0.40219.1
Project("{FAE04EC0-301F-11D3-BF4B-00C04F79EFBC}") = "bWAPPRobot", "bWAPPRobot\bWAPPRobot.csproj", "{AEE5894E-D3B7-42D7-913C-8295181DB4E5}"
EndProject
Global
	GlobalSection(SolutionConfigurationPlatforms) = preSolution
		Debug|Any CPU = Debug|Any CPU
		Release|Any CPU = Release|Any CPU
	EndGlobalSection
	GlobalSection(ProjectConfigurationPlatforms) = postSolution
		{AEE5894E-D3B7-42D7-913C-8295181DB4E5}.Debug|Any CPU.ActiveCfg = Debug|Any CPU
		{AEE5894E-D3B7-42D7-913C-8295181DB4E5}.Debug|Any CPU.Build.0 = Debug|Any CPU
		{AEE5894E-D3B7-42D7-913C-8295181DB4E5}.Release|Any CPU.ActiveCfg = Release|Any CPU
		{AEE5894E-D3B7-42D7-913C-8295181DB4E5}.Release|Any CPU.Build.0 = Release|Any CPU
	EndGlobalSection
	GlobalSection(SolutionProperties) = preSolution
		HideSolutionNode = FALSE
	EndGlobalSection
EndGlobal
